{
  "name": "NewPhoneECommerce",
  "lockfileVersion": 3,
  "requires": true,
  "packages": {
    "": {
      "dependencies": {
        "zipcodes-ph": "^1.1.2"
      }
    },
    "node_modules/zipcodes-ph": {
      "version": "1.1.2",
      "resolved": "https://registry.npmjs.org/zipcodes-ph/-/zipcodes-ph-1.1.2.tgz",
      "integrity": "sha512-V5DQ+rsJCFOS1Uc8vMlyu3xiCpCwEt6Gvudyyxvba0D5n9lbgtRGgfgbj7w7hoaRfg5/4UUHFj8DCk4pXUs+dg=="
    }
  }
}
